
Microsoft Visual Studio Solution File, Format Version 12.00
# Visual Studio Version 17
VisualStudioVersion = 17.0.31903.59
MinimumVisualStudioVersion = 10.0.40219.1
Project("{8BC9CEB8-8B4A-11D0-8D11-00A0C91BC942}") = "Assignment_1", "Assignment_1\Assignment_1.vcxproj", "{EF926093-4B78-446B-973D-3D26978772DE}"
EndProject
Project("{8BC9CEB8-8B4A-11D0-8D11-00A0C91BC942}") = "Assignment_2", "Assignment_2\Assignment_2.vcxproj", "{1AB4A797-3B15-44C9-8F5C-E295E3FA27BB}"
EndProject
Project("{8BC9CEB8-8B4A-11D0-8D11-00A0C91BC942}") = "Assignment_3", "Assignment_3\Assignment_3.vcxproj", "{48A8B266-65F3-4079-87C5-C00E303662C1}"
EndProject
Project("{8BC9CEB8-8B4A-11D0-8D11-00A0C91BC942}") = "Assignment_4", "Assignment_4\Assignment_4.vcxproj", "{EE035965-2ACB-40A0-AD84-E44763C6E294}"
EndProject
Project("{8BC9CEB8-8B4A-11D0-8D11-00A0C91BC942}") = "Assignment_5", "Assignment_5\Assignment_5.vcxproj", "{EAF4098A-2F92-4EB9-80B1-5F89B06B1474}"
EndProject
Project("{8BC9CEB8-8B4A-11D0-8D11-00A0C91BC942}") = "Assignment_6", "Assignment_6\Assignment_6.vcxproj", "{149C14BB-031B-465F-8DC2-F752436AD461}"
EndProject
Project("{8BC9CEB8-8B4A-11D0-8D11-00A0C91BC942}") = "Assignment_7", "Assignment_7\Assignment_7.vcxproj", "{EC336D0B-EECC-4FB4-B8F4-902B8811BEDC}"
EndProject
Global
	GlobalSection(SolutionConfigurationPlatforms) = preSolution
		Debug|x64 = Debug|x64
		Debug|x86 = Debug|x86
		Release|x64 = Release|x64
		Release|x86 = Release|x86
	EndGlobalSection
	GlobalSection(ProjectConfigurationPlatforms) = postSolution
		{EF926093-4B78-446B-973D-3D26978772DE}.Debug|x64.ActiveCfg = Debug|x64
		{EF926093-4B78-446B-973D-3D26978772DE}.Debug|x64.Build.0 = Debug|x64
		{EF926093-4B78-446B-973D-3D26978772DE}.Debug|x86.ActiveCfg = Debug|Win32
		{EF926093-4B78-446B-973D-3D26978772DE}.Debug|x86.Build.0 = Debug|Win32
		{EF926093-4B78-446B-973D-3D26978772DE}.Release|x64.ActiveCfg = Release|x64
		{EF926093-4B78-446B-973D-3D26978772DE}.Release|x64.Build.0 = Release|x64
		{EF926093-4B78-446B-973D-3D26978772DE}.Release|x86.ActiveCfg = Release|Win32
		{EF926093-4B78-446B-973D-3D26978772DE}.Release|x86.Build.0 = Release|Win32
		{1AB4A797-3B15-44C9-8F5C-E295E3FA27BB}.Debug|x64.ActiveCfg = Debug|x64
		{1AB4A797-3B15-44C9-8F5C-E295E3FA27BB}.Debug|x64.Build.0 = Debug|x64
		{1AB4A797-3B15-44C9-8F5C-E295E3FA27BB}.Debug|x86.ActiveCfg = Debug|Win32
		{1AB4A797-3B15-44C9-8F5C-E295E3FA27BB}.Debug|x86.Build.0 = Debug|Win32
		{1AB4A797-3B15-44C9-8F5C-E295E3FA27BB}.Release|x64.ActiveCfg = Release|x64
		{1AB4A797-3B15-44C9-8F5C-E295E3FA27BB}.Release|x64.Build.0 = Release|x64
		{1AB4A797-3B15-44C9-8F5C-E295E3FA27BB}.Release|x86.ActiveCfg = Release|Win32
		{1AB4A797-3B15-44C9-8F5C-E295E3FA27BB}.Release|x86.Build.0 = Release|Win32
		{48A8B266-65F3-4079-87C5-C00E303662C1}.Debug|x64.ActiveCfg = Debug|x64
		{48A8B266-65F3-4079-87C5-C00E303662C1}.Debug|x64.Build.0 = Debug|x64
		{48A8B266-65F3-4079-87C5-C00E303662C1}.Debug|x86.ActiveCfg = Debug|Win32
		{48A8B266-65F3-4079-87C5-C00E303662C1}.Debug|x86.Build.0 = Debug|Win32
		{48A8B266-65F3-4079-87C5-C00E303662C1}.Release|x64.ActiveCfg = Release|x64
		{48A8B266-65F3-4079-87C5-C00E303662C1}.Release|x64.Build.0 = Release|x64
		{48A8B266-65F3-4079-87C5-C00E303662C1}.Release|x86.ActiveCfg = Release|Win32
		{48A8B266-65F3-4079-87C5-C00E303662C1}.Release|x86.Build.0 = Release|Win32
		{EE035965-2ACB-40A0-AD84-E44763C6E294}.Debug|x64.ActiveCfg = Debug|x64
		{EE035965-2ACB-40A0-AD84-E44763C6E294}.Debug|x64.Build.0 = Debug|x64
		{EE035965-2ACB-40A0-AD84-E44763C6E294}.Debug|x86.ActiveCfg = Debug|Win32
		{EE035965-2ACB-40A0-AD84-E44763C6E294}.Debug|x86.Build.0 = Debug|Win32
		{EE035965-2ACB-40A0-AD84-E44763C6E294}.Release|x64.ActiveCfg = Release|x64
		{EE035965-2ACB-40A0-AD84-E44763C6E294}.Release|x64.Build.0 = Release|x64
		{EE035965-2ACB-40A0-AD84-E44763C6E294}.Release|x86.ActiveCfg = Release|Win32
		{EE035965-2ACB-40A0-AD84-E44763C6E294}.Release|x86.Build.0 = Release|Win32
		{EAF4098A-2F92-4EB9-80B1-5F89B06B1474}.Debug|x64.ActiveCfg = Debug|x64
		{EAF4098A-2F92-4EB9-80B1-5F89B06B1474}.Debug|x64.Build.0 = Debug|x64
		{EAF4098A-2F92-4EB9-80B1-5F89B06B1474}.Debug|x86.ActiveCfg = Debug|Win32
		{EAF4098A-2F92-4EB9-80B1-5F89B06B1474}.Debug|x86.Build.0 = Debug|Win32
		{EAF4098A-2F92-4EB9-80B1-5F89B06B1474}.Release|x64.ActiveCfg = Release|x64
		{EAF4098A-2F92-4EB9-80B1-5F89B06B1474}.Release|x64.Build.0 = Release|x64
		{EAF4098A-2F92-4EB9-80B1-5F89B06B1474}.Release|x86.ActiveCfg = Release|Win32
		{EAF4098A-2F92-4EB9-80B1-5F89B06B1474}.Release|x86.Build.0 = Release|Win32
		{149C14BB-031B-465F-8DC2-F752436AD461}.Debug|x64.ActiveCfg = Debug|x64
		{149C14BB-031B-465F-8DC2-F752436AD461}.Debug|x64.Build.0 = Debug|x64
		{149C14BB-031B-465F-8DC2-F752436AD461}.Debug|x86.ActiveCfg = Debug|Win32
		{149C14BB-031B-465F-8DC2-F752436AD461}.Debug|x86.Build.0 = Debug|Win32
		{149C14BB-031B-465F-8DC2-F752436AD461}.Release|x64.ActiveCfg = Release|x64
		{149C14BB-031B-465F-8DC2-F752436AD461}.Release|x64.Build.0 = Release|x64
		{149C14BB-031B-465F-8DC2-F752436AD461}.Release|x86.ActiveCfg = Release|Win32
		{149C14BB-031B-465F-8DC2-F752436AD461}.Release|x86.Build.0 = Release|Win32
		{EC336D0B-EECC-4FB4-B8F4-902B8811BEDC}.Debug|x64.ActiveCfg = Debug|x64
		{EC336D0B-EECC-4FB4-B8F4-902B8811BEDC}.Debug|x64.Build.0 = Debug|x64
		{EC336D0B-EECC-4FB4-B8F4-902B8811BEDC}.Debug|x86.ActiveCfg = Debug|Win32
		{EC336D0B-EECC-4FB4-B8F4-902B8811BEDC}.Debug|x86.Build.0 = Debug|Win32
		{EC336D0B-EECC-4FB4-B8F4-902B8811BEDC}.Release|x64.ActiveCfg = Release|x64
		{EC336D0B-EECC-4FB4-B8F4-902B8811BEDC}.Release|x64.Build.0 = Release|x64
		{EC336D0B-EECC-4FB4-B8F4-902B8811BEDC}.Release|x86.ActiveCfg = Release|Win32
		{EC336D0B-EECC-4FB4-B8F4-902B8811BEDC}.Release|x86.Build.0 = Release|Win32
	EndGlobalSection
	GlobalSection(SolutionProperties) = preSolution
		HideSolutionNode = FALSE
	EndGlobalSection
	GlobalSection(ExtensibilityGlobals) = postSolution
		SolutionGuid = {2407D244-D216-454F-91AB-39EDE7B95F3F}
	EndGlobalSection
EndGlobal
